PackratFormat: 1.4
PackratVersion: 0.4.8.1
RVersion: 3.3.2
Repos: CRAN=https://cran.rstudio.com/

Package: BH
Source: CRAN
Version: 1.62.0-1
Hash: 14dfb3e8ffe20996118306ff4de1fab2

Package: DBI
Source: CRAN
Version: 0.5-1
Hash: 375869004db963f9915f2b8a49b4a718

Package: R6
Source: CRAN
Version: 2.2.0
Hash: 712773a3439bd32db5c40938e1a9aac2

Package: RColorBrewer
Source: CRAN
Version: 1.1-2
Hash: c0d56cd15034f395874c870141870c25

Package: Rcpp
Source: CRAN
Version: 0.12.8
Hash: 436ad5c23fad4e22224c7ac2fc82b049

Package: assertr
Source: CRAN
Version: 1.0.2
Hash: 2f50983e1b7750ea4b1f40bdf844153f
Requires: dplyr, lazyeval

Package: assertthat
Source: CRAN
Version: 0.1
Hash: 0afb92b59b02593c70ff8046700ba9d3

Package: backports
Source: CRAN
Version: 1.0.4
Hash: d8ada9ba0406f95eb7cebaef5e6b5d19

Package: base64enc
Source: CRAN
Version: 0.1-3
Hash: c590d29e555926af053055e23ee79efb

Package: bitops
Source: CRAN
Version: 1.0-6
Hash: 67d0775189fd0041d95abca618c5c07e

Package: caTools
Source: CRAN
Version: 1.17.1
Hash: 97cb6f6293cd18d17df77a6383cc6763
Requires: bitops

Package: colorspace
Source: CRAN
Version: 1.3-1
Hash: a28c977a419f4a42621984f3770f2dac

Package: crayon
Source: CRAN
Version: 1.3.2
Hash: 576a9d297a567d6a5ebd164ca5221590

Package: curl
Source: CRAN
Version: 2.3
Hash: 9a0b969942c61511002e103f7b047b98

Package: devtools
Source: CRAN
Version: 1.12.0
Hash: bbad95109ae75cbb14099281cda43af2
Requires: digest, git2r, httr, jsonlite, memoise, rstudioapi, whisker,
    withr

Package: dichromat
Source: CRAN
Version: 2.0-0
Hash: 08eed0c80510af29bb15f840ccfe37ce

Package: digest
Source: CRAN
Version: 0.6.10
Hash: 87165608ca8aeb0958835c3c5b52b6b7

Package: dplyr
Source: CRAN
Version: 0.5.0
Hash: 3dcd1c1192d66441a627252b535e5cc2
Requires: BH, DBI, R6, Rcpp, assertthat, lazyeval, magrittr, tibble

Package: evaluate
Source: CRAN
Version: 0.10
Hash: c3601a10c987d439e0c63ec635234a76
Requires: stringr

Package: formatR
Source: CRAN
Version: 1.4
Hash: b2a47a2b91737978cf50ba95825a9cd1

Package: ggplot2
Source: CRAN
Version: 2.2.0
Hash: 78c14285e0c114542d051a09bd552472
Requires: digest, gtable, lazyeval, plyr, reshape2, scales, tibble

Package: git2r
Source: CRAN
Version: 0.16.0
Hash: 8022c40f316e7b99258eb19969e2a11c

Package: gtable
Source: CRAN
Version: 0.2.0
Hash: cd78381a9d3fea966ac39bd0daaf5554

Package: highr
Source: CRAN
Version: 0.6
Hash: aa3d5b7912b5fed4b546ed5cd2a1760b

Package: hms
Source: CRAN
Version: 0.3
Hash: 3fca8a1c97e6cfb297fe3f4690f82c58

Package: htmltools
Source: CRAN
Version: 0.3.5
Hash: 49415ab4718e9d37c7ddf74988493c23
Requires: Rcpp, digest

Package: httr
Source: CRAN
Version: 1.2.1
Hash: 7de1f8f760441881804af7c1ff324340
Requires: R6, curl, jsonlite, mime, openssl

Package: jsonlite
Source: CRAN
Version: 1.1
Hash: 86d4b85b84421a4815f1bb4872e30ef4

Package: knitr
Source: CRAN
Version: 1.15.1
Hash: eed7437e2b614c9e3923b7932b16ac97
Requires: digest, evaluate, highr, markdown, stringr, yaml

Package: labeling
Source: CRAN
Version: 0.3
Hash: ecf589b42cd284b03a4beb9665482d3e

Package: lazyeval
Source: CRAN
Version: 0.2.0
Hash: 3d6e7608e65bbf5cb170dab1e3c9ed8b

Package: magrittr
Source: CRAN
Version: 1.5
Hash: bdc4d48c3135e8f3b399536ddf160df4

Package: markdown
Source: CRAN
Version: 0.7.7
Hash: fea2343a1119d61b0cc5c0a950d103a3
Requires: mime

Package: memoise
Source: CRAN
Version: 1.0.0
Hash: 56e7087c3559eb7ba72a9afb349bf896
Requires: digest

Package: mime
Source: CRAN
Version: 0.5
Hash: 463550cf44fb6f0a2359368f42eebe62

Package: munsell
Source: CRAN
Version: 0.4.3
Hash: f96d896947fcaf9b6d0074002e9f4f9d
Requires: colorspace

Package: openssl
Source: CRAN
Version: 0.9.5
Hash: 26776a287eaffb2331c9a449c1d2a791

Package: packrat
Source: CRAN
Version: 0.4.8-1
Hash: 6ad605ba7b4b476d84be6632393f5765

Package: plyr
Source: CRAN
Version: 1.8.4
Hash: fee2f470d73a85f4db7e89d771427e57
Requires: Rcpp

Package: png
Source: CRAN
Version: 0.1-7
Hash: 421d7d6e0fb4bd885ecbd909b6456b8b

Package: praise
Source: CRAN
Version: 1.0.0
Hash: 77da8f1df873a4b91e5c4a68fe2fb1b6

Package: readr
Source: CRAN
Version: 1.0.0
Hash: 039717eb9efc0f60bbbaaa211f485a26
Requires: BH, R6, Rcpp, curl, hms, tibble

Package: reshape2
Source: CRAN
Version: 1.4.2
Hash: fd2714b51cb380c30fec1687005587a2
Requires: Rcpp, plyr, stringr

Package: rmarkdown
Source: CRAN
Version: 1.2
Hash: 0bcccd4b0db101c709ee10012320a66f
Requires: base64enc, caTools, evaluate, htmltools, jsonlite, knitr,
    rprojroot, yaml

Package: rprojroot
Source: CRAN
Version: 1.1
Hash: bd5b942006c3fa1352c07ba765a2c670
Requires: backports

Package: rstudioapi
Source: CRAN
Version: 0.6
Hash: fd256f8bfb9a64cc35f98b0decb1a79f

Package: scales
Source: CRAN
Version: 0.4.1
Hash: cf658953d600d4736b058df1558df481
Requires: RColorBrewer, Rcpp, dichromat, labeling, munsell, plyr

Package: stringi
Source: CRAN
Version: 1.1.2
Hash: 1ad6b1cc11d982ac233bf2fa2f7c9684

Package: stringr
Source: CRAN
Version: 1.1.0
Hash: 4d21d0063b37a17ea18eaec6acd29bf3
Requires: magrittr, stringi

Package: testthat
Source: CRAN
Version: 1.0.2
Hash: 88d5291104227f9dc2e7c7c1d0eb6c74
Requires: R6, crayon, digest, magrittr, praise

Package: tibble
Source: CRAN
Version: 1.2
Hash: ee28ae66deec042f19aff6fa10f5f8d5
Requires: Rcpp, assertthat, lazyeval

Package: tidyr
Source: CRAN
Version: 0.6.0
Hash: 55b2d458dcd3407abb74732c82be146c
Requires: Rcpp, dplyr, lazyeval, magrittr, stringi, tibble

Package: visualTest
Source: github
Version: 1.0.0
Hash: 32c3b46bff5787e7d741e5a47bdc8603
GithubRepo: visualTest
GithubUsername: mangothecat
GithubRef: master
GithubSha1: 9b835a707479a9162ca50f108308a5d814bbc923

Package: whisker
Source: CRAN
Version: 0.3-2
Hash: 803d662762e532705c2c066a82d066e7

Package: withr
Source: CRAN
Version: 1.0.2
Hash: 774eb7be9087cdc24b53b74e5359cfac

Package: xtable
Source: CRAN
Version: 1.8-2
Hash: 7293235cfcc14cdff1ce7fd1a0212031

Package: yaml
Source: CRAN
Version: 2.1.14
Hash: c81230c3a7d9ba20607ad6b4331173d1
